// !$*UTF8*$!
{
	archiveVersion = 1;
	classes = {
	};
	objectVersion = 48;
	objects = {

/* Begin PBXBuildFile section */
		A16576C71FE6EA4F009985A1 /* Bolts.framework in Frameworks */ = {isa = PBXBuildFile; fileRef = A16576C41FE6EA4D009985A1 /* Bolts.framework */; };
		A16576C81FE6EA4F009985A1 /* FBSDKCoreKit.framework in Frameworks */ = {isa = PBXBuildFile; fileRef = A16576C51FE6EA4F009985A1 /* FBSDKCoreKit.framework */; };
		A16576C91FE6EA4F009985A1 /* FBSDKLoginKit.framework in Frameworks */ = {isa = PBXBuildFile; fileRef = A16576C61FE6EA4F009985A1 /* FBSDKLoginKit.framework */; };
		A16576CB1FE6EF78009985A1 /* LaunchViewController.swift in Sources */ = {isa = PBXBuildFile; fileRef = A16576CA1FE6EF78009985A1 /* LaunchViewController.swift */; };
		A16576CD1FE9B41A009985A1 /* Terms.storyboard in Resources */ = {isa = PBXBuildFile; fileRef = A16576CC1FE9B41A009985A1 /* Terms.storyboard */; };
		A16576CF1FE9B570009985A1 /* TermsViewController.swift in Sources */ = {isa = PBXBuildFile; fileRef = A16576CE1FE9B570009985A1 /* TermsViewController.swift */; };
		A16576D11FEAE426009985A1 /* Home.storyboard in Resources */ = {isa = PBXBuildFile; fileRef = A16576D01FEAE426009985A1 /* Home.storyboard */; };
		A16576D31FEAE840009985A1 /* HomeCoordinator.swift in Sources */ = {isa = PBXBuildFile; fileRef = A16576D21FEAE840009985A1 /* HomeCoordinator.swift */; };
		A16576D61FEEDAC7009985A1 /* SearchViewController.swift in Sources */ = {isa = PBXBuildFile; fileRef = A16576D51FEEDAC7009985A1 /* SearchViewController.swift */; };
		A16576D81FEEDAFC009985A1 /* YourRidesViewController.swift in Sources */ = {isa = PBXBuildFile; fileRef = A16576D71FEEDAFC009985A1 /* YourRidesViewController.swift */; };
		A16576DA1FEEDB2E009985A1 /* ProfileViewController.swift in Sources */ = {isa = PBXBuildFile; fileRef = A16576D91FEEDB2E009985A1 /* ProfileViewController.swift */; };
		A16576DC1FEEDB3B009985A1 /* MessagesViewController.swift in Sources */ = {isa = PBXBuildFile; fileRef = A16576DB1FEEDB3B009985A1 /* MessagesViewController.swift */; };
		A16576E01FEEE1E2009985A1 /* CreateUser.storyboard in Resources */ = {isa = PBXBuildFile; fileRef = A16576DF1FEEE1E2009985A1 /* CreateUser.storyboard */; };
		A16576E41FEEEF4D009985A1 /* TermsCoordinator.swift in Sources */ = {isa = PBXBuildFile; fileRef = A16576E31FEEEF4D009985A1 /* TermsCoordinator.swift */; };
		A16576E61FEEFD0D009985A1 /* CreateUserViewController.swift in Sources */ = {isa = PBXBuildFile; fileRef = A16576E51FEEFD0D009985A1 /* CreateUserViewController.swift */; };
		A16576E81FEF0B1C009985A1 /* CreateUserCoordinator.swift in Sources */ = {isa = PBXBuildFile; fileRef = A16576E71FEF0B1C009985A1 /* CreateUserCoordinator.swift */; };
		A16576EB2007F67D009985A1 /* UIViewControllerDismissKeyboardExtension.swift in Sources */ = {isa = PBXBuildFile; fileRef = A16576EA2007F67D009985A1 /* UIViewControllerDismissKeyboardExtension.swift */; };
		A17000951FD870940003751B /* AppDelegate.swift in Sources */ = {isa = PBXBuildFile; fileRef = A17000941FD870940003751B /* AppDelegate.swift */; };
		A170009A1FD870940003751B /* Main.storyboard in Resources */ = {isa = PBXBuildFile; fileRef = A17000981FD870940003751B /* Main.storyboard */; };
		A170009C1FD870940003751B /* Assets.xcassets in Resources */ = {isa = PBXBuildFile; fileRef = A170009B1FD870940003751B /* Assets.xcassets */; };
		A170009F1FD870940003751B /* LaunchScreen.storyboard in Resources */ = {isa = PBXBuildFile; fileRef = A170009D1FD870940003751B /* LaunchScreen.storyboard */; };
		A17000A91FD87CF80003751B /* AppCoordinator.swift in Sources */ = {isa = PBXBuildFile; fileRef = A17000A81FD87CF80003751B /* AppCoordinator.swift */; };
		A17000B21FD880780003751B /* GoogleService-Info.plist in Resources */ = {isa = PBXBuildFile; fileRef = A17000B11FD880780003751B /* GoogleService-Info.plist */; };
		EF487939E561906F39914122 /* Pods_uwoRidesharePrototype.framework in Frameworks */ = {isa = PBXBuildFile; fileRef = 9AAA13773ADAA49E243786CD /* Pods_uwoRidesharePrototype.framework */; };
/* End PBXBuildFile section */

/* Begin PBXFileReference section */
		9AAA13773ADAA49E243786CD /* Pods_uwoRidesharePrototype.framework */ = {isa = PBXFileReference; explicitFileType = wrapper.framework; includeInIndex = 0; path = Pods_uwoRidesharePrototype.framework; sourceTree = BUILT_PRODUCTS_DIR; };
		A16576C41FE6EA4D009985A1 /* Bolts.framework */ = {isa = PBXFileReference; lastKnownFileType = wrapper.framework; path = Bolts.framework; sourceTree = "<group>"; };
		A16576C51FE6EA4F009985A1 /* FBSDKCoreKit.framework */ = {isa = PBXFileReference; lastKnownFileType = wrapper.framework; path = FBSDKCoreKit.framework; sourceTree = "<group>"; };
		A16576C61FE6EA4F009985A1 /* FBSDKLoginKit.framework */ = {isa = PBXFileReference; lastKnownFileType = wrapper.framework; path = FBSDKLoginKit.framework; sourceTree = "<group>"; };
		A16576CA1FE6EF78009985A1 /* LaunchViewController.swift */ = {isa = PBXFileReference; lastKnownFileType = sourcecode.swift; path = LaunchViewController.swift; sourceTree = "<group>"; };
		A16576CC1FE9B41A009985A1 /* Terms.storyboard */ = {isa = PBXFileReference; lastKnownFileType = file.storyboard; path = Terms.storyboard; sourceTree = "<group>"; };
		A16576CE1FE9B570009985A1 /* TermsViewController.swift */ = {isa = PBXFileReference; lastKnownFileType = sourcecode.swift; path = TermsViewController.swift; sourceTree = "<group>"; };
		A16576D01FEAE426009985A1 /* Home.storyboard */ = {isa = PBXFileReference; lastKnownFileType = file.storyboard; path = Home.storyboard; sourceTree = "<group>"; };
		A16576D21FEAE840009985A1 /* HomeCoordinator.swift */ = {isa = PBXFileReference; lastKnownFileType = sourcecode.swift; path = HomeCoordinator.swift; sourceTree = "<group>"; };
		A16576D51FEEDAC7009985A1 /* SearchViewController.swift */ = {isa = PBXFileReference; lastKnownFileType = sourcecode.swift; path = SearchViewController.swift; sourceTree = "<group>"; };
		A16576D71FEEDAFC009985A1 /* YourRidesViewController.swift */ = {isa = PBXFileReference; lastKnownFileType = sourcecode.swift; path = YourRidesViewController.swift; sourceTree = "<group>"; };
		A16576D91FEEDB2E009985A1 /* ProfileViewController.swift */ = {isa = PBXFileReference; lastKnownFileType = sourcecode.swift; path = ProfileViewController.swift; sourceTree = "<group>"; };
		A16576DB1FEEDB3B009985A1 /* MessagesViewController.swift */ = {isa = PBXFileReference; lastKnownFileType = sourcecode.swift; path = MessagesViewController.swift; sourceTree = "<group>"; };
		A16576DF1FEEE1E2009985A1 /* CreateUser.storyboard */ = {isa = PBXFileReference; lastKnownFileType = file.storyboard; path = CreateUser.storyboard; sourceTree = "<group>"; };
		A16576E31FEEEF4D009985A1 /* TermsCoordinator.swift */ = {isa = PBXFileReference; lastKnownFileType = sourcecode.swift; path = TermsCoordinator.swift; sourceTree = "<group>"; };
		A16576E51FEEFD0D009985A1 /* CreateUserViewController.swift */ = {isa = PBXFileReference; lastKnownFileType = sourcecode.swift; path = CreateUserViewController.swift; sourceTree = "<group>"; };
		A16576E71FEF0B1C009985A1 /* CreateUserCoordinator.swift */ = {isa = PBXFileReference; lastKnownFileType = sourcecode.swift; path = CreateUserCoordinator.swift; sourceTree = "<group>"; };
		A16576EA2007F67D009985A1 /* UIViewControllerDismissKeyboardExtension.swift */ = {isa = PBXFileReference; lastKnownFileType = sourcecode.swift; path = UIViewControllerDismissKeyboardExtension.swift; sourceTree = "<group>"; };
		A16576ED200D61C8009985A1 /* uwoRidesharePrototype.entitlements */ = {isa = PBXFileReference; lastKnownFileType = text.plist.entitlements; path = uwoRidesharePrototype.entitlements; sourceTree = "<group>"; };
		A17000911FD870940003751B /* uwoRidesharePrototype.app */ = {isa = PBXFileReference; explicitFileType = wrapper.application; includeInIndex = 0; path = uwoRidesharePrototype.app; sourceTree = BUILT_PRODUCTS_DIR; };
		A17000941FD870940003751B /* AppDelegate.swift */ = {isa = PBXFileReference; lastKnownFileType = sourcecode.swift; path = AppDelegate.swift; sourceTree = "<group>"; };
		A17000991FD870940003751B /* Base */ = {isa = PBXFileReference; lastKnownFileType = file.storyboard; name = Base; path = Base.lproj/Main.storyboard; sourceTree = "<group>"; };
		A170009B1FD870940003751B /* Assets.xcassets */ = {isa = PBXFileReference; lastKnownFileType = folder.assetcatalog; path = Assets.xcassets; sourceTree = "<group>"; };
		A170009E1FD870940003751B /* Base */ = {isa = PBXFileReference; lastKnownFileType = file.storyboard; name = Base; path = Base.lproj/LaunchScreen.storyboard; sourceTree = "<group>"; };
		A17000A01FD870940003751B /* Info.plist */ = {isa = PBXFileReference; lastKnownFileType = text.plist.xml; path = Info.plist; sourceTree = "<group>"; };
		A17000A81FD87CF80003751B /* AppCoordinator.swift */ = {isa = PBXFileReference; lastKnownFileType = sourcecode.swift; path = AppCoordinator.swift; sourceTree = "<group>"; };
		A17000B11FD880780003751B /* GoogleService-Info.plist */ = {isa = PBXFileReference; fileEncoding = 4; lastKnownFileType = text.plist.xml; path = "GoogleService-Info.plist"; sourceTree = "<group>"; };
		B0666A1E6A5C0A7F279B0316 /* Pods-uwoRidesharePrototype.debug.xcconfig */ = {isa = PBXFileReference; includeInIndex = 1; lastKnownFileType = text.xcconfig; name = "Pods-uwoRidesharePrototype.debug.xcconfig"; path = "Pods/Target Support Files/Pods-uwoRidesharePrototype/Pods-uwoRidesharePrototype.debug.xcconfig"; sourceTree = "<group>"; };
		F082267A46C5A36BE10BA957 /* Pods-uwoRidesharePrototype.release.xcconfig */ = {isa = PBXFileReference; includeInIndex = 1; lastKnownFileType = text.xcconfig; name = "Pods-uwoRidesharePrototype.release.xcconfig"; path = "Pods/Target Support Files/Pods-uwoRidesharePrototype/Pods-uwoRidesharePrototype.release.xcconfig"; sourceTree = "<group>"; };
/* End PBXFileReference section */

/* Begin PBXFrameworksBuildPhase section */
		A170008E1FD870940003751B /* Frameworks */ = {
			isa = PBXFrameworksBuildPhase;
			buildActionMask = 2147483647;
			files = (
				A16576C81FE6EA4F009985A1 /* FBSDKCoreKit.framework in Frameworks */,
				A16576C91FE6EA4F009985A1 /* FBSDKLoginKit.framework in Frameworks */,
				A16576C71FE6EA4F009985A1 /* Bolts.framework in Frameworks */,
				EF487939E561906F39914122 /* Pods_uwoRidesharePrototype.framework in Frameworks */,
			);
			runOnlyForDeploymentPostprocessing = 0;
		};
/* End PBXFrameworksBuildPhase section */

/* Begin PBXGroup section */
		13AB81F1FB20BCE1D124064F /* Frameworks */ = {
			isa = PBXGroup;
			children = (
				A16576C41FE6EA4D009985A1 /* Bolts.framework */,
				A16576C51FE6EA4F009985A1 /* FBSDKCoreKit.framework */,
				A16576C61FE6EA4F009985A1 /* FBSDKLoginKit.framework */,
				9AAA13773ADAA49E243786CD /* Pods_uwoRidesharePrototype.framework */,
			);
			name = Frameworks;
			sourceTree = "<group>";
		};
		A16576D41FEEDAA2009985A1 /* TabBarViewControllers */ = {
			isa = PBXGroup;
			children = (
				A16576D51FEEDAC7009985A1 /* SearchViewController.swift */,
				A16576D71FEEDAFC009985A1 /* YourRidesViewController.swift */,
				A16576D91FEEDB2E009985A1 /* ProfileViewController.swift */,
				A16576DB1FEEDB3B009985A1 /* MessagesViewController.swift */,
			);
			path = TabBarViewControllers;
			sourceTree = "<group>";
		};
		A16576E92007F654009985A1 /* Extensions */ = {
			isa = PBXGroup;
			children = (
				A16576EA2007F67D009985A1 /* UIViewControllerDismissKeyboardExtension.swift */,
			);
			path = Extensions;
			sourceTree = "<group>";
		};
		A17000881FD870940003751B = {
			isa = PBXGroup;
			children = (
				A17000931FD870940003751B /* uwoRidesharePrototype */,
				A17000921FD870940003751B /* Products */,
				13AB81F1FB20BCE1D124064F /* Frameworks */,
				F707B6F4427F3D743865E7F6 /* Pods */,
			);
			sourceTree = "<group>";
		};
		A17000921FD870940003751B /* Products */ = {
			isa = PBXGroup;
			children = (
				A17000911FD870940003751B /* uwoRidesharePrototype.app */,
			);
			name = Products;
			sourceTree = "<group>";
		};
		A17000931FD870940003751B /* uwoRidesharePrototype */ = {
			isa = PBXGroup;
			children = (
				A16576ED200D61C8009985A1 /* uwoRidesharePrototype.entitlements */,
				A16576E92007F654009985A1 /* Extensions */,
				A17000941FD870940003751B /* AppDelegate.swift */,
				A16576D41FEEDAA2009985A1 /* TabBarViewControllers */,
				A17000AE1FD87EC40003751B /* LaunchAndAuthViewControllers */,
				A17000AD1FD87EAA0003751B /* Storyboards */,
				A17000AC1FD87E8E0003751B /* Coordinators */,
				A170009B1FD870940003751B /* Assets.xcassets */,
				A170009D1FD870940003751B /* LaunchScreen.storyboard */,
				A17000B11FD880780003751B /* GoogleService-Info.plist */,
				A17000A01FD870940003751B /* Info.plist */,
			);
			path = uwoRidesharePrototype;
			sourceTree = "<group>";
		};
		A17000AC1FD87E8E0003751B /* Coordinators */ = {
			isa = PBXGroup;
			children = (
				A17000A81FD87CF80003751B /* AppCoordinator.swift */,
				A16576D21FEAE840009985A1 /* HomeCoordinator.swift */,
				A16576E31FEEEF4D009985A1 /* TermsCoordinator.swift */,
				A16576E71FEF0B1C009985A1 /* CreateUserCoordinator.swift */,
			);
			path = Coordinators;
			sourceTree = "<group>";
		};
		A17000AD1FD87EAA0003751B /* Storyboards */ = {
			isa = PBXGroup;
			children = (
				A17000981FD870940003751B /* Main.storyboard */,
				A16576CC1FE9B41A009985A1 /* Terms.storyboard */,
				A16576D01FEAE426009985A1 /* Home.storyboard */,
				A16576DF1FEEE1E2009985A1 /* CreateUser.storyboard */,
			);
			path = Storyboards;
			sourceTree = "<group>";
		};
		A17000AE1FD87EC40003751B /* LaunchAndAuthViewControllers */ = {
			isa = PBXGroup;
			children = (
				A16576CA1FE6EF78009985A1 /* LaunchViewController.swift */,
				A16576CE1FE9B570009985A1 /* TermsViewController.swift */,
				A16576E51FEEFD0D009985A1 /* CreateUserViewController.swift */,
			);
			path = LaunchAndAuthViewControllers;
			sourceTree = "<group>";
		};
		F707B6F4427F3D743865E7F6 /* Pods */ = {
			isa = PBXGroup;
			children = (
				B0666A1E6A5C0A7F279B0316 /* Pods-uwoRidesharePrototype.debug.xcconfig */,
				F082267A46C5A36BE10BA957 /* Pods-uwoRidesharePrototype.release.xcconfig */,
			);
			name = Pods;
			sourceTree = "<group>";
		};
/* End PBXGroup section */

/* Begin PBXNativeTarget section */
		A17000901FD870940003751B /* uwoRidesharePrototype */ = {
			isa = PBXNativeTarget;
			buildConfigurationList = A17000A31FD870940003751B /* Build configuration list for PBXNativeTarget "uwoRidesharePrototype" */;
			buildPhases = (
				9A8D18ECE3C92066F1EBEAB0 /* [CP] Check Pods Manifest.lock */,
				A170008D1FD870940003751B /* Sources */,
				A170008E1FD870940003751B /* Frameworks */,
				A170008F1FD870940003751B /* Resources */,
				502EBDA6F3E9271FC5AE86B7 /* [CP] Embed Pods Frameworks */,
				62CF8A7C4D9DC87D185A652C /* [CP] Copy Pods Resources */,
			);
			buildRules = (
			);
			dependencies = (
			);
			name = uwoRidesharePrototype;
			productName = uwoRidesharePrototype;
			productReference = A17000911FD870940003751B /* uwoRidesharePrototype.app */;
			productType = "com.apple.product-type.application";
		};
/* End PBXNativeTarget section */

/* Begin PBXProject section */
		A17000891FD870940003751B /* Project object */ = {
			isa = PBXProject;
			attributes = {
				LastSwiftUpdateCheck = 0910;
				LastUpgradeCheck = 0910;
				ORGANIZATIONNAME = "Tristan Wolf";
				TargetAttributes = {
					A17000901FD870940003751B = {
						CreatedOnToolsVersion = 9.1;
						ProvisioningStyle = Automatic;
						SystemCapabilities = {
							com.apple.Keychain = {
								enabled = 1;
							};
						};
					};
				};
			};
			buildConfigurationList = A170008C1FD870940003751B /* Build configuration list for PBXProject "uwoRidesharePrototype" */;
			compatibilityVersion = "Xcode 8.0";
			developmentRegion = en;
			hasScannedForEncodings = 0;
			knownRegions = (
				en,
				Base,
			);
			mainGroup = A17000881FD870940003751B;
			productRefGroup = A17000921FD870940003751B /* Products */;
			projectDirPath = "";
			projectRoot = "";
			targets = (
				A17000901FD870940003751B /* uwoRidesharePrototype */,
			);
		};
/* End PBXProject section */

/* Begin PBXResourcesBuildPhase section */
		A170008F1FD870940003751B /* Resources */ = {
			isa = PBXResourcesBuildPhase;
			buildActionMask = 2147483647;
			files = (
				A17000B21FD880780003751B /* GoogleService-Info.plist in Resources */,
				A16576CD1FE9B41A009985A1 /* Terms.storyboard in Resources */,
				A170009F1FD870940003751B /* LaunchScreen.storyboard in Resources */,
				A16576E01FEEE1E2009985A1 /* CreateUser.storyboard in Resources */,
				A16576D11FEAE426009985A1 /* Home.storyboard in Resources */,
				A170009C1FD870940003751B /* Assets.xcassets in Resources */,
				A170009A1FD870940003751B /* Main.storyboard in Resources */,
			);
			runOnlyForDeploymentPostprocessing = 0;
		};
/* End PBXResourcesBuildPhase section */

/* Begin PBXShellScriptBuildPhase section */
		502EBDA6F3E9271FC5AE86B7 /* [CP] Embed Pods Frameworks */ = {
			isa = PBXShellScriptBuildPhase;
			buildActionMask = 2147483647;
			files = (
			);
			inputPaths = (
			);
			name = "[CP] Embed Pods Frameworks";
			outputPaths = (
			);
			runOnlyForDeploymentPostprocessing = 0;
			shellPath = /bin/sh;
			shellScript = "\"${SRCROOT}/Pods/Target Support Files/Pods-uwoRidesharePrototype/Pods-uwoRidesharePrototype-frameworks.sh\"\n";
			showEnvVarsInLog = 0;
		};
		62CF8A7C4D9DC87D185A652C /* [CP] Copy Pods Resources */ = {
			isa = PBXShellScriptBuildPhase;
			buildActionMask = 2147483647;
			files = (
			);
			inputPaths = (
			);
			name = "[CP] Copy Pods Resources";
			outputPaths = (
			);
			runOnlyForDeploymentPostprocessing = 0;
			shellPath = /bin/sh;
			shellScript = "\"${SRCROOT}/Pods/Target Support Files/Pods-uwoRidesharePrototype/Pods-uwoRidesharePrototype-resources.sh\"\n";
			showEnvVarsInLog = 0;
		};
		9A8D18ECE3C92066F1EBEAB0 /* [CP] Check Pods Manifest.lock */ = {
			isa = PBXShellScriptBuildPhase;
			buildActionMask = 2147483647;
			files = (
			);
			inputPaths = (
			);
			name = "[CP] Check Pods Manifest.lock";
			outputPaths = (
			);
			runOnlyForDeploymentPostprocessing = 0;
			shellPath = /bin/sh;
			shellScript = "diff \"${PODS_ROOT}/../Podfile.lock\" \"${PODS_ROOT}/Manifest.lock\" > /dev/null\nif [ $? != 0 ] ; then\n    # print error to STDERR\n    echo \"error: The sandbox is not in sync with the Podfile.lock. Run 'pod install' or update your CocoaPods installation.\" >&2\n    exit 1\nfi\n";
			showEnvVarsInLog = 0;
		};
/* End PBXShellScriptBuildPhase section */

/* Begin PBXSourcesBuildPhase section */
		A170008D1FD870940003751B /* Sources */ = {
			isa = PBXSourcesBuildPhase;
			buildActionMask = 2147483647;
			files = (
				A16576D61FEEDAC7009985A1 /* SearchViewController.swift in Sources */,
				A17000A91FD87CF80003751B /* AppCoordinator.swift in Sources */,
				A16576E41FEEEF4D009985A1 /* TermsCoordinator.swift in Sources */,
				A16576EB2007F67D009985A1 /* UIViewControllerDismissKeyboardExtension.swift in Sources */,
				A16576D81FEEDAFC009985A1 /* YourRidesViewController.swift in Sources */,
				A16576DC1FEEDB3B009985A1 /* MessagesViewController.swift in Sources */,
				A16576CB1FE6EF78009985A1 /* LaunchViewController.swift in Sources */,
				A16576E61FEEFD0D009985A1 /* CreateUserViewController.swift in Sources */,
				A16576D31FEAE840009985A1 /* HomeCoordinator.swift in Sources */,
				A16576CF1FE9B570009985A1 /* TermsViewController.swift in Sources */,
				A16576E81FEF0B1C009985A1 /* CreateUserCoordinator.swift in Sources */,
				A16576DA1FEEDB2E009985A1 /* ProfileViewController.swift in Sources */,
				A17000951FD870940003751B /* AppDelegate.swift in Sources */,
			);
			runOnlyForDeploymentPostprocessing = 0;
		};
/* End PBXSourcesBuildPhase section */

/* Begin PBXVariantGroup section */
		A17000981FD870940003751B /* Main.storyboard */ = {
			isa = PBXVariantGroup;
			children = (
				A17000991FD870940003751B /* Base */,
			);
			name = Main.storyboard;
			sourceTree = "<group>";
		};
		A170009D1FD870940003751B /* LaunchScreen.storyboard */ = {
			isa = PBXVariantGroup;
			children = (
				A170009E1FD870940003751B /* Base */,
			);
			name = LaunchScreen.storyboard;
			sourceTree = "<group>";
		};
/* End PBXVariantGroup section */

/* Begin XCBuildConfiguration section */
		A17000A11FD870940003751B /* Debug */ = {
			isa = XCBuildConfiguration;
			buildSettings = {
				ALWAYS_SEARCH_USER_PATHS = NO;
				CLANG_ANALYZER_NONNULL = YES;
				CLANG_ANALYZER_NUMBER_OBJECT_CONVERSION = YES_AGGRESSIVE;
				CLANG_CXX_LANGUAGE_STANDARD = "gnu++14";
				CLANG_CXX_LIBRARY = "libc++";
				CLANG_ENABLE_MODULES = YES;
				CLANG_ENABLE_OBJC_ARC = YES;
				CLANG_WARN_BLOCK_CAPTURE_AUTORELEASING = YES;
				CLANG_WARN_BOOL_CONVERSION = YES;
				CLANG_WARN_COMMA = YES;
				CLANG_WARN_CONSTANT_CONVERSION = YES;
				CLANG_WARN_DIRECT_OBJC_ISA_USAGE = YES_ERROR;
				CLANG_WARN_DOCUMENTATION_COMMENTS = YES;
				CLANG_WARN_EMPTY_BODY = YES;
				CLANG_WARN_ENUM_CONVERSION = YES;
				CLANG_WARN_INFINITE_RECURSION = YES;
				CLANG_WARN_INT_CONVERSION = YES;
				CLANG_WARN_NON_LITERAL_NULL_CONVERSION = YES;
				CLANG_WARN_OBJC_LITERAL_CONVERSION = YES;
				CLANG_WARN_OBJC_ROOT_CLASS = YES_ERROR;
				CLANG_WARN_RANGE_LOOP_ANALYSIS = YES;
				CLANG_WARN_STRICT_PROTOTYPES = YES;
				CLANG_WARN_SUSPICIOUS_MOVE = YES;
				CLANG_WARN_UNGUARDED_AVAILABILITY = YES_AGGRESSIVE;
				CLANG_WARN_UNREACHABLE_CODE = YES;
				CLANG_WARN__DUPLICATE_METHOD_MATCH = YES;
				CODE_SIGN_IDENTITY = "iPhone Developer";
				COPY_PHASE_STRIP = NO;
				DEBUG_INFORMATION_FORMAT = dwarf;
				ENABLE_STRICT_OBJC_MSGSEND = YES;
				ENABLE_TESTABILITY = YES;
				GCC_C_LANGUAGE_STANDARD = gnu11;
				GCC_DYNAMIC_NO_PIC = NO;
				GCC_NO_COMMON_BLOCKS = YES;
				GCC_OPTIMIZATION_LEVEL = 0;
				GCC_PREPROCESSOR_DEFINITIONS = (
					"DEBUG=1",
					"$(inherited)",
				);
				GCC_WARN_64_TO_32_BIT_CONVERSION = YES;
				GCC_WARN_ABOUT_RETURN_TYPE = YES_ERROR;
				GCC_WARN_UNDECLARED_SELECTOR = YES;
				GCC_WARN_UNINITIALIZED_AUTOS = YES_AGGRESSIVE;
				GCC_WARN_UNUSED_FUNCTION = YES;
				GCC_WARN_UNUSED_VARIABLE = YES;
				IPHONEOS_DEPLOYMENT_TARGET = 11.1;
				MTL_ENABLE_DEBUG_INFO = YES;
				ONLY_ACTIVE_ARCH = YES;
				SDKROOT = iphoneos;
				SWIFT_ACTIVE_COMPILATION_CONDITIONS = DEBUG;
				SWIFT_OPTIMIZATION_LEVEL = "-Onone";
			};
			name = Debug;
		};
		A17000A21FD870940003751B /* Release */ = {
			isa = XCBuildConfiguration;
			buildSettings = {
				ALWAYS_SEARCH_USER_PATHS = NO;
				CLANG_ANALYZER_NONNULL = YES;
				CLANG_ANALYZER_NUMBER_OBJECT_CONVERSION = YES_AGGRESSIVE;
				CLANG_CXX_LANGUAGE_STANDARD = "gnu++14";
				CLANG_CXX_LIBRARY = "libc++";
				CLANG_ENABLE_MODULES = YES;
				CLANG_ENABLE_OBJC_ARC = YES;
				CLANG_WARN_BLOCK_CAPTURE_AUTORELEASING = YES;
				CLANG_WARN_BOOL_CONVERSION = YES;
				CLANG_WARN_COMMA = YES;
				CLANG_WARN_CONSTANT_CONVERSION = YES;
				CLANG_WARN_DIRECT_OBJC_ISA_USAGE = YES_ERROR;
				CLANG_WARN_DOCUMENTATION_COMMENTS = YES;
				CLANG_WARN_EMPTY_BODY = YES;
				CLANG_WARN_ENUM_CONVERSION = YES;
				CLANG_WARN_INFINITE_RECURSION = YES;
				CLANG_WARN_INT_CONVERSION = YES;
				CLANG_WARN_NON_LITERAL_NULL_CONVERSION = YES;
				CLANG_WARN_OBJC_LITERAL_CONVERSION = YES;
				CLANG_WARN_OBJC_ROOT_CLASS = YES_ERROR;
				CLANG_WARN_RANGE_LOOP_ANALYSIS = YES;
				CLANG_WARN_STRICT_PROTOTYPES = YES;
				CLANG_WARN_SUSPICIOUS_MOVE = YES;
				CLANG_WARN_UNGUARDED_AVAILABILITY = YES_AGGRESSIVE;
				CLANG_WARN_UNREACHABLE_CODE = YES;
				CLANG_WARN__DUPLICATE_METHOD_MATCH = YES;
				CODE_SIGN_IDENTITY = "iPhone Developer";
				COPY_PHASE_STRIP = NO;
				DEBUG_INFORMATION_FORMAT = "dwarf-with-dsym";
				ENABLE_NS_ASSERTIONS = NO;
				ENABLE_STRICT_OBJC_MSGSEND = YES;
				GCC_C_LANGUAGE_STANDARD = gnu11;
				GCC_NO_COMMON_BLOCKS = YES;
				GCC_WARN_64_TO_32_BIT_CONVERSION = YES;
				GCC_WARN_ABOUT_RETURN_TYPE = YES_ERROR;
				GCC_WARN_UNDECLARED_SELECTOR = YES;
				GCC_WARN_UNINITIALIZED_AUTOS = YES_AGGRESSIVE;
				GCC_WARN_UNUSED_FUNCTION = YES;
				GCC_WARN_UNUSED_VARIABLE = YES;
				IPHONEOS_DEPLOYMENT_TARGET = 11.1;
				MTL_ENABLE_DEBUG_INFO = NO;
				SDKROOT = iphoneos;
				SWIFT_OPTIMIZATION_LEVEL = "-Owholemodule";
				VALIDATE_PRODUCT = YES;
			};
			name = Release;
		};
		A17000A41FD870940003751B /* Debug */ = {
			isa = XCBuildConfiguration;
			baseConfigurationReference = B0666A1E6A5C0A7F279B0316 /* Pods-uwoRidesharePrototype.debug.xcconfig */;
			buildSettings = {
				ASSETCATALOG_COMPILER_APPICON_NAME = AppIcon;
				CODE_SIGN_ENTITLEMENTS = uwoRidesharePrototype/uwoRidesharePrototype.entitlements;
				CODE_SIGN_STYLE = Automatic;
				DEVELOPMENT_TEAM = B5TBSUDAA5;
				FRAMEWORK_SEARCH_PATHS = (
					"$(inherited)",
					"$(PROJECT_DIR)",
				);
				INFOPLIST_FILE = uwoRidesharePrototype/Info.plist;
				IPHONEOS_DEPLOYMENT_TARGET = 9.3;
				LD_RUNPATH_SEARCH_PATHS = "$(inherited) @executable_path/Frameworks";
				PRODUCT_BUNDLE_IDENTIFIER = com.tristanwolf.uwoRidesharePrototype;
				PRODUCT_NAME = "$(TARGET_NAME)";
				SWIFT_VERSION = 4.0;
				TARGETED_DEVICE_FAMILY = "1,2";
			};
			name = Debug;
		};
		A17000A51FD870940003751B /* Release */ = {
			isa = XCBuildConfiguration;
			baseConfigurationReference = F082267A46C5A36BE10BA957 /* Pods-uwoRidesharePrototype.release.xcconfig */;
			buildSettings = {
				ASSETCATALOG_COMPILER_APPICON_NAME = AppIcon;
				CODE_SIGN_ENTITLEMENTS = uwoRidesharePrototype/uwoRidesharePrototype.entitlements;
				CODE_SIGN_STYLE = Automatic;
				DEVELOPMENT_TEAM = B5TBSUDAA5;
				FRAMEWORK_SEARCH_PATHS = (
					"$(inherited)",
					"$(PROJECT_DIR)",
				);
				INFOPLIST_FILE = uwoRidesharePrototype/Info.plist;
				IPHONEOS_DEPLOYMENT_TARGET = 9.3;
				LD_RUNPATH_SEARCH_PATHS = "$(inherited) @executable_path/Frameworks";
				PRODUCT_BUNDLE_IDENTIFIER = com.tristanwolf.uwoRidesharePrototype;
				PRODUCT_NAME = "$(TARGET_NAME)";
				SWIFT_VERSION = 4.0;
				TARGETED_DEVICE_FAMILY = "1,2";
			};
			name = Release;
		};
/* End XCBuildConfiguration section */

/* Begin XCConfigurationList section */
		A170008C1FD870940003751B /* Build configuration list for PBXProject "uwoRidesharePrototype" */ = {
			isa = XCConfigurationList;
			buildConfigurations = (
				A17000A11FD870940003751B /* Debug */,
				A17000A21FD870940003751B /* Release */,
			);
			defaultConfigurationIsVisible = 0;
			defaultConfigurationName = Release;
		};
		A17000A31FD870940003751B /* Build configuration list for PBXNativeTarget "uwoRidesharePrototype" */ = {
			isa = XCConfigurationList;
			buildConfigurations = (
				A17000A41FD870940003751B /* Debug */,
				A17000A51FD870940003751B /* Release */,
			);
			defaultConfigurationIsVisible = 0;
			defaultConfigurationName = Release;
		};
/* End XCConfigurationList section */
	};
	rootObject = A17000891FD870940003751B /* Project object */;
}
